{
	"name": "agressive_hls",
	"version": "0.1.0",
	"lockfileVersion": 3,
	"requires": true,
	"packages": {
		"": {
			"name": "agressive_hls",
			"version": "0.1.0",
			"license": "MIT",
			"dependencies": {
				"hls.js": "^1.4.12"
			},
			"devDependencies": {}
		},
		"node_modules/hls.js": {
			"version": "1.5.4",
			"resolved": "https://registry.npmjs.org/hls.js/-/hls.js-1.5.4.tgz",
			"integrity": "sha512-MB+e+tcBl+A/EamWvsvx7d/3m9JOLi3wbLaXyZdHlscgXkhiX5zajJxnt7lzn/w9ONxs5qaFTp/kkIMI9fD4KA=="
		}
	}
}
